// !$*UTF8*$!
{
	archiveVersion = 1;
	classes = {
	};
	objectVersion = 50;
	objects = {

/* Begin PBXBuildFile section */
		CA1CC70425DE9AD400BA1AD7 /* UserView.swift in Sources */ = {isa = PBXBuildFile; fileRef = CA1CC70325DE9AD400BA1AD7 /* UserView.swift */; };
		CA1F20CE25DAB83800B21B56 /* Tests_iOS.swift in Sources */ = {isa = PBXBuildFile; fileRef = CA1F20CD25DAB83800B21B56 /* Tests_iOS.swift */; };
		CA1F20D925DAB83800B21B56 /* Tests_macOS.swift in Sources */ = {isa = PBXBuildFile; fileRef = CA1F20D825DAB83800B21B56 /* Tests_macOS.swift */; };
		CA1F20DB25DAB83800B21B56 /* ToDoApp_SwiftUI.xcdatamodeld in Sources */ = {isa = PBXBuildFile; fileRef = CA1F20AF25DAB83700B21B56 /* ToDoApp_SwiftUI.xcdatamodeld */; };
		CA1F20DC25DAB83800B21B56 /* ToDoApp_SwiftUI.xcdatamodeld in Sources */ = {isa = PBXBuildFile; fileRef = CA1F20AF25DAB83700B21B56 /* ToDoApp_SwiftUI.xcdatamodeld */; };
		CA1F20DD25DAB83800B21B56 /* ToDoApp_SwiftUIApp.swift in Sources */ = {isa = PBXBuildFile; fileRef = CA1F20B125DAB83700B21B56 /* ToDoApp_SwiftUIApp.swift */; };
		CA1F20DE25DAB83800B21B56 /* ToDoApp_SwiftUIApp.swift in Sources */ = {isa = PBXBuildFile; fileRef = CA1F20B125DAB83700B21B56 /* ToDoApp_SwiftUIApp.swift */; };
		CA1F20DF25DAB83800B21B56 /* ContentView.swift in Sources */ = {isa = PBXBuildFile; fileRef = CA1F20B225DAB83700B21B56 /* ContentView.swift */; };
		CA1F20E025DAB83800B21B56 /* ContentView.swift in Sources */ = {isa = PBXBuildFile; fileRef = CA1F20B225DAB83700B21B56 /* ContentView.swift */; };
		CA1F20E125DAB83800B21B56 /* Persistence.swift in Sources */ = {isa = PBXBuildFile; fileRef = CA1F20B325DAB83700B21B56 /* Persistence.swift */; };
		CA1F20E225DAB83800B21B56 /* Persistence.swift in Sources */ = {isa = PBXBuildFile; fileRef = CA1F20B325DAB83700B21B56 /* Persistence.swift */; };
		CA1F20E325DAB83800B21B56 /* Assets.xcassets in Resources */ = {isa = PBXBuildFile; fileRef = CA1F20B425DAB83800B21B56 /* Assets.xcassets */; };
		CA1F20E425DAB83800B21B56 /* Assets.xcassets in Resources */ = {isa = PBXBuildFile; fileRef = CA1F20B425DAB83800B21B56 /* Assets.xcassets */; };
		CA1F211025DAC31B00B21B56 /* TodoEntity.swift in Sources */ = {isa = PBXBuildFile; fileRef = CA1F210F25DAC31B00B21B56 /* TodoEntity.swift */; };
		CA25AEFD25DC018600A19DE6 /* CheckBox.swift in Sources */ = {isa = PBXBuildFile; fileRef = CA25AEFC25DC018600A19DE6 /* CheckBox.swift */; };
/* End PBXBuildFile section */

/* Begin PBXContainerItemProxy section */
		CA1F20CA25DAB83800B21B56 /* PBXContainerItemProxy */ = {
			isa = PBXContainerItemProxy;
			containerPortal = CA1F20AA25DAB83600B21B56 /* Project object */;
			proxyType = 1;
			remoteGlobalIDString = CA1F20B825DAB83800B21B56;
			remoteInfo = "ToDoApp_SwiftUI (iOS)";
		};
		CA1F20D525DAB83800B21B56 /* PBXContainerItemProxy */ = {
			isa = PBXContainerItemProxy;
			containerPortal = CA1F20AA25DAB83600B21B56 /* Project object */;
			proxyType = 1;
			remoteGlobalIDString = CA1F20C025DAB83800B21B56;
			remoteInfo = "ToDoApp_SwiftUI (macOS)";
		};
/* End PBXContainerItemProxy section */

/* Begin PBXFileReference section */
		CA1CC70325DE9AD400BA1AD7 /* UserView.swift */ = {isa = PBXFileReference; lastKnownFileType = sourcecode.swift; path = UserView.swift; sourceTree = "<group>"; };
		CA1F20B025DAB83700B21B56 /* Shared.xcdatamodel */ = {isa = PBXFileReference; lastKnownFileType = wrapper.xcdatamodel; path = Shared.xcdatamodel; sourceTree = "<group>"; };
		CA1F20B125DAB83700B21B56 /* ToDoApp_SwiftUIApp.swift */ = {isa = PBXFileReference; lastKnownFileType = sourcecode.swift; path = ToDoApp_SwiftUIApp.swift; sourceTree = "<group>"; };
		CA1F20B225DAB83700B21B56 /* ContentView.swift */ = {isa = PBXFileReference; lastKnownFileType = sourcecode.swift; path = ContentView.swift; sourceTree = "<group>"; };
		CA1F20B325DAB83700B21B56 /* Persistence.swift */ = {isa = PBXFileReference; lastKnownFileType = sourcecode.swift; path = Persistence.swift; sourceTree = "<group>"; };
		CA1F20B425DAB83800B21B56 /* Assets.xcassets */ = {isa = PBXFileReference; lastKnownFileType = folder.assetcatalog; path = Assets.xcassets; sourceTree = "<group>"; };
		CA1F20B925DAB83800B21B56 /* ToDoApp_SwiftUI.app */ = {isa = PBXFileReference; explicitFileType = wrapper.application; includeInIndex = 0; path = ToDoApp_SwiftUI.app; sourceTree = BUILT_PRODUCTS_DIR; };
		CA1F20BC25DAB83800B21B56 /* Info.plist */ = {isa = PBXFileReference; lastKnownFileType = text.plist.xml; path = Info.plist; sourceTree = "<group>"; };
		CA1F20C125DAB83800B21B56 /* ToDoApp_SwiftUI.app */ = {isa = PBXFileReference; explicitFileType = wrapper.application; includeInIndex = 0; path = ToDoApp_SwiftUI.app; sourceTree = BUILT_PRODUCTS_DIR; };
		CA1F20C325DAB83800B21B56 /* Info.plist */ = {isa = PBXFileReference; lastKnownFileType = text.plist.xml; path = Info.plist; sourceTree = "<group>"; };
		CA1F20C425DAB83800B21B56 /* macOS.entitlements */ = {isa = PBXFileReference; lastKnownFileType = text.plist.entitlements; path = macOS.entitlements; sourceTree = "<group>"; };
		CA1F20C925DAB83800B21B56 /* Tests iOS.xctest */ = {isa = PBXFileReference; explicitFileType = wrapper.cfbundle; includeInIndex = 0; path = "Tests iOS.xctest"; sourceTree = BUILT_PRODUCTS_DIR; };
		CA1F20CD25DAB83800B21B56 /* Tests_iOS.swift */ = {isa = PBXFileReference; lastKnownFileType = sourcecode.swift; path = Tests_iOS.swift; sourceTree = "<group>"; };
		CA1F20CF25DAB83800B21B56 /* Info.plist */ = {isa = PBXFileReference; lastKnownFileType = text.plist.xml; path = Info.plist; sourceTree = "<group>"; };
		CA1F20D425DAB83800B21B56 /* Tests macOS.xctest */ = {isa = PBXFileReference; explicitFileType = wrapper.cfbundle; includeInIndex = 0; path = "Tests macOS.xctest"; sourceTree = BUILT_PRODUCTS_DIR; };
		CA1F20D825DAB83800B21B56 /* Tests_macOS.swift */ = {isa = PBXFileReference; lastKnownFileType = sourcecode.swift; path = Tests_macOS.swift; sourceTree = "<group>"; };
		CA1F20DA25DAB83800B21B56 /* Info.plist */ = {isa = PBXFileReference; lastKnownFileType = text.plist.xml; path = Info.plist; sourceTree = "<group>"; };
		CA1F210F25DAC31B00B21B56 /* TodoEntity.swift */ = {isa = PBXFileReference; lastKnownFileType = sourcecode.swift; path = TodoEntity.swift; sourceTree = "<group>"; };
		CA25AEFC25DC018600A19DE6 /* CheckBox.swift */ = {isa = PBXFileReference; lastKnownFileType = sourcecode.swift; path = CheckBox.swift; sourceTree = "<group>"; };
/* End PBXFileReference section */

/* Begin PBXFrameworksBuildPhase section */
		CA1F20B625DAB83800B21B56 /* Frameworks */ = {
			isa = PBXFrameworksBuildPhase;
			buildActionMask = 2147483647;
			files = (
			);
			runOnlyForDeploymentPostprocessing = 0;
		};
		CA1F20BE25DAB83800B21B56 /* Frameworks */ = {
			isa = PBXFrameworksBuildPhase;
			buildActionMask = 2147483647;
			files = (
			);
			runOnlyForDeploymentPostprocessing = 0;
		};
		CA1F20C625DAB83800B21B56 /* Frameworks */ = {
			isa = PBXFrameworksBuildPhase;
			buildActionMask = 2147483647;
			files = (
			);
			runOnlyForDeploymentPostprocessing = 0;
		};
		CA1F20D125DAB83800B21B56 /* Frameworks */ = {
			isa = PBXFrameworksBuildPhase;
			buildActionMask = 2147483647;
			files = (
			);
			runOnlyForDeploymentPostprocessing = 0;
		};
/* End PBXFrameworksBuildPhase section */

/* Begin PBXGroup section */
		CA1F20A925DAB83600B21B56 = {
			isa = PBXGroup;
			children = (
				CA1F20AE25DAB83700B21B56 /* Shared */,
				CA1F20BB25DAB83800B21B56 /* iOS */,
				CA1F20C225DAB83800B21B56 /* macOS */,
				CA1F20CC25DAB83800B21B56 /* Tests iOS */,
				CA1F20D725DAB83800B21B56 /* Tests macOS */,
				CA1F20BA25DAB83800B21B56 /* Products */,
			);
			sourceTree = "<group>";
		};
		CA1F20AE25DAB83700B21B56 /* Shared */ = {
			isa = PBXGroup;
			children = (
				CA25AEFB25DC013300A19DE6 /* Component */,
				CA1F210E25DAC30400B21B56 /* Extension */,
				CA1F20B125DAB83700B21B56 /* ToDoApp_SwiftUIApp.swift */,
				CA1F20B225DAB83700B21B56 /* ContentView.swift */,
				CA1F20B325DAB83700B21B56 /* Persistence.swift */,
				CA1F20B425DAB83800B21B56 /* Assets.xcassets */,
				CA1F20AF25DAB83700B21B56 /* ToDoApp_SwiftUI.xcdatamodeld */,
			);
			path = Shared;
			sourceTree = "<group>";
		};
		CA1F20BA25DAB83800B21B56 /* Products */ = {
			isa = PBXGroup;
			children = (
				CA1F20B925DAB83800B21B56 /* ToDoApp_SwiftUI.app */,
				CA1F20C125DAB83800B21B56 /* ToDoApp_SwiftUI.app */,
				CA1F20C925DAB83800B21B56 /* Tests iOS.xctest */,
				CA1F20D425DAB83800B21B56 /* Tests macOS.xctest */,
			);
			name = Products;
			sourceTree = "<group>";
		};
		CA1F20BB25DAB83800B21B56 /* iOS */ = {
			isa = PBXGroup;
			children = (
				CA1F20BC25DAB83800B21B56 /* Info.plist */,
			);
			path = iOS;
			sourceTree = "<group>";
		};
		CA1F20C225DAB83800B21B56 /* macOS */ = {
			isa = PBXGroup;
			children = (
				CA1F20C325DAB83800B21B56 /* Info.plist */,
				CA1F20C425DAB83800B21B56 /* macOS.entitlements */,
			);
			path = macOS;
			sourceTree = "<group>";
		};
		CA1F20CC25DAB83800B21B56 /* Tests iOS */ = {
			isa = PBXGroup;
			children = (
				CA1F20CD25DAB83800B21B56 /* Tests_iOS.swift */,
				CA1F20CF25DAB83800B21B56 /* Info.plist */,
			);
			path = "Tests iOS";
			sourceTree = "<group>";
		};
		CA1F20D725DAB83800B21B56 /* Tests macOS */ = {
			isa = PBXGroup;
			children = (
				CA1F20D825DAB83800B21B56 /* Tests_macOS.swift */,
				CA1F20DA25DAB83800B21B56 /* Info.plist */,
			);
			path = "Tests macOS";
			sourceTree = "<group>";
		};
		CA1F210E25DAC30400B21B56 /* Extension */ = {
			isa = PBXGroup;
			children = (
				CA1F210F25DAC31B00B21B56 /* TodoEntity.swift */,
			);
			path = Extension;
			sourceTree = "<group>";
		};
		CA25AEFB25DC013300A19DE6 /* Component */ = {
			isa = PBXGroup;
			children = (
				CA25AEFC25DC018600A19DE6 /* CheckBox.swift */,
				CA1CC70325DE9AD400BA1AD7 /* UserView.swift */,
			);
			path = Component;
			sourceTree = "<group>";
		};
/* End PBXGroup section */

/* Begin PBXNativeTarget section */
		CA1F20B825DAB83800B21B56 /* ToDoApp_SwiftUI (iOS) */ = {
			isa = PBXNativeTarget;
			buildConfigurationList = CA1F20E725DAB83800B21B56 /* Build configuration list for PBXNativeTarget "ToDoApp_SwiftUI (iOS)" */;
			buildPhases = (
				CA1F20B525DAB83800B21B56 /* Sources */,
				CA1F20B625DAB83800B21B56 /* Frameworks */,
				CA1F20B725DAB83800B21B56 /* Resources */,
			);
			buildRules = (
			);
			dependencies = (
			);
			name = "ToDoApp_SwiftUI (iOS)";
			productName = "ToDoApp_SwiftUI (iOS)";
			productReference = CA1F20B925DAB83800B21B56 /* ToDoApp_SwiftUI.app */;
			productType = "com.apple.product-type.application";
		};
		CA1F20C025DAB83800B21B56 /* ToDoApp_SwiftUI (macOS) */ = {
			isa = PBXNativeTarget;
			buildConfigurationList = CA1F20EA25DAB83800B21B56 /* Build configuration list for PBXNativeTarget "ToDoApp_SwiftUI (macOS)" */;
			buildPhases = (
				CA1F20BD25DAB83800B21B56 /* Sources */,
				CA1F20BE25DAB83800B21B56 /* Frameworks */,
				CA1F20BF25DAB83800B21B56 /* Resources */,
			);
			buildRules = (
			);
			dependencies = (
			);
			name = "ToDoApp_SwiftUI (macOS)";
			productName = "ToDoApp_SwiftUI (macOS)";
			productReference = CA1F20C125DAB83800B21B56 /* ToDoApp_SwiftUI.app */;
			productType = "com.apple.product-type.application";
		};
		CA1F20C825DAB83800B21B56 /* Tests iOS */ = {
			isa = PBXNativeTarget;
			buildConfigurationList = CA1F20ED25DAB83800B21B56 /* Build configuration list for PBXNativeTarget "Tests iOS" */;
			buildPhases = (
				CA1F20C525DAB83800B21B56 /* Sources */,
				CA1F20C625DAB83800B21B56 /* Frameworks */,
				CA1F20C725DAB83800B21B56 /* Resources */,
			);
			buildRules = (
			);
			dependencies = (
				CA1F20CB25DAB83800B21B56 /* PBXTargetDependency */,
			);
			name = "Tests iOS";
			productName = "Tests iOS";
			productReference = CA1F20C925DAB83800B21B56 /* Tests iOS.xctest */;
			productType = "com.apple.product-type.bundle.ui-testing";
		};
		CA1F20D325DAB83800B21B56 /* Tests macOS */ = {
			isa = PBXNativeTarget;
			buildConfigurationList = CA1F20F025DAB83800B21B56 /* Build configuration list for PBXNativeTarget "Tests macOS" */;
			buildPhases = (
				CA1F20D025DAB83800B21B56 /* Sources */,
				CA1F20D125DAB83800B21B56 /* Frameworks */,
				CA1F20D225DAB83800B21B56 /* Resources */,
			);
			buildRules = (
			);
			dependencies = (
				CA1F20D625DAB83800B21B56 /* PBXTargetDependency */,
			);
			name = "Tests macOS";
			productName = "Tests macOS";
			productReference = CA1F20D425DAB83800B21B56 /* Tests macOS.xctest */;
			productType = "com.apple.product-type.bundle.ui-testing";
		};
/* End PBXNativeTarget section */

/* Begin PBXProject section */
		CA1F20AA25DAB83600B21B56 /* Project object */ = {
			isa = PBXProject;
			attributes = {
				LastSwiftUpdateCheck = 1240;
				LastUpgradeCheck = 1240;
				TargetAttributes = {
					CA1F20B825DAB83800B21B56 = {
						CreatedOnToolsVersion = 12.4;
					};
					CA1F20C025DAB83800B21B56 = {
						CreatedOnToolsVersion = 12.4;
					};
					CA1F20C825DAB83800B21B56 = {
						CreatedOnToolsVersion = 12.4;
						TestTargetID = CA1F20B825DAB83800B21B56;
					};
					CA1F20D325DAB83800B21B56 = {
						CreatedOnToolsVersion = 12.4;
						TestTargetID = CA1F20C025DAB83800B21B56;
					};
				};
			};
			buildConfigurationList = CA1F20AD25DAB83600B21B56 /* Build configuration list for PBXProject "ToDoApp_SwiftUI" */;
			compatibilityVersion = "Xcode 9.3";
			developmentRegion = en;
			hasScannedForEncodings = 0;
			knownRegions = (
				en,
				Base,
			);
			mainGroup = CA1F20A925DAB83600B21B56;
			productRefGroup = CA1F20BA25DAB83800B21B56 /* Products */;
			projectDirPath = "";
			projectRoot = "";
			targets = (
				CA1F20B825DAB83800B21B56 /* ToDoApp_SwiftUI (iOS) */,
				CA1F20C025DAB83800B21B56 /* ToDoApp_SwiftUI (macOS) */,
				CA1F20C825DAB83800B21B56 /* Tests iOS */,
				CA1F20D325DAB83800B21B56 /* Tests macOS */,
			);
		};
/* End PBXProject section */

/* Begin PBXResourcesBuildPhase section */
		CA1F20B725DAB83800B21B56 /* Resources */ = {
			isa = PBXResourcesBuildPhase;
			buildActionMask = 2147483647;
			files = (
				CA1F20E325DAB83800B21B56 /* Assets.xcassets in Resources */,
			);
			runOnlyForDeploymentPostprocessing = 0;
		};
		CA1F20BF25DAB83800B21B56 /* Resources */ = {
			isa = PBXResourcesBuildPhase;
			buildActionMask = 2147483647;
			files = (
				CA1F20E425DAB83800B21B56 /* Assets.xcassets in Resources */,
			);
			runOnlyForDeploymentPostprocessing = 0;
		};
		CA1F20C725DAB83800B21B56 /* Resources */ = {
			isa = PBXResourcesBuildPhase;
			buildActionMask = 2147483647;
			files = (
			);
			runOnlyForDeploymentPostprocessing = 0;
		};
		CA1F20D225DAB83800B21B56 /* Resources */ = {
			isa = PBXResourcesBuildPhase;
			buildActionMask = 2147483647;
			files = (
			);
			runOnlyForDeploymentPostprocessing = 0;
		};
/* End PBXResourcesBuildPhase section */

/* Begin PBXSourcesBuildPhase section */
		CA1F20B525DAB83800B21B56 /* Sources */ = {
			isa = PBXSourcesBuildPhase;
			buildActionMask = 2147483647;
			files = (
				CA1F211025DAC31B00B21B56 /* TodoEntity.swift in Sources */,
				CA1F20DB25DAB83800B21B56 /* ToDoApp_SwiftUI.xcdatamodeld in Sources */,
				CA25AEFD25DC018600A19DE6 /* CheckBox.swift in Sources */,
				CA1F20E125DAB83800B21B56 /* Persistence.swift in Sources */,
				CA1F20DD25DAB83800B21B56 /* ToDoApp_SwiftUIApp.swift in Sources */,
				CA1F20DF25DAB83800B21B56 /* ContentView.swift in Sources */,
				CA1CC70425DE9AD400BA1AD7 /* UserView.swift in Sources */,
			);
			runOnlyForDeploymentPostprocessing = 0;
		};
		CA1F20BD25DAB83800B21B56 /* Sources */ = {
			isa = PBXSourcesBuildPhase;
			buildActionMask = 2147483647;
			files = (
				CA1F20DC25DAB83800B21B56 /* ToDoApp_SwiftUI.xcdatamodeld in Sources */,
				CA1F20E225DAB83800B21B56 /* Persistence.swift in Sources */,
				CA1F20DE25DAB83800B21B56 /* ToDoApp_SwiftUIApp.swift in Sources */,
				CA1F20E025DAB83800B21B56 /* ContentView.swift in Sources */,
			);
			runOnlyForDeploymentPostprocessing = 0;
		};
		CA1F20C525DAB83800B21B56 /* Sources */ = {
			isa = PBXSourcesBuildPhase;
			buildActionMask = 2147483647;
			files = (
				CA1F20CE25DAB83800B21B56 /* Tests_iOS.swift in Sources */,
			);
			runOnlyForDeploymentPostprocessing = 0;
		};
		CA1F20D025DAB83800B21B56 /* Sources */ = {
			isa = PBXSourcesBuildPhase;
			buildActionMask = 2147483647;
			files = (
				CA1F20D925DAB83800B21B56 /* Tests_macOS.swift in Sources */,
			);
			runOnlyForDeploymentPostprocessing = 0;
		};
/* End PBXSourcesBuildPhase section */

/* Begin PBXTargetDependency section */
		CA1F20CB25DAB83800B21B56 /* PBXTargetDependency */ = {
			isa = PBXTargetDependency;
			target = CA1F20B825DAB83800B21B56 /* ToDoApp_SwiftUI (iOS) */;
			targetProxy = CA1F20CA25DAB83800B21B56 /* PBXContainerItemProxy */;
		};
		CA1F20D625DAB83800B21B56 /* PBXTargetDependency */ = {
			isa = PBXTargetDependency;
			target = CA1F20C025DAB83800B21B56 /* ToDoApp_SwiftUI (macOS) */;
			targetProxy = CA1F20D525DAB83800B21B56 /* PBXContainerItemProxy */;
		};
/* End PBXTargetDependency section */

/* Begin XCBuildConfiguration section */
		CA1F20E525DAB83800B21B56 /* Debug */ = {
			isa = XCBuildConfiguration;
			buildSettings = {
				ALWAYS_SEARCH_USER_PATHS = NO;
				CLANG_ANALYZER_NONNULL = YES;
				CLANG_ANALYZER_NUMBER_OBJECT_CONVERSION = YES_AGGRESSIVE;
				CLANG_CXX_LANGUAGE_STANDARD = "gnu++14";
				CLANG_CXX_LIBRARY = "libc++";
				CLANG_ENABLE_MODULES = YES;
				CLANG_ENABLE_OBJC_ARC = YES;
				CLANG_ENABLE_OBJC_WEAK = YES;
				CLANG_WARN_BLOCK_CAPTURE_AUTORELEASING = YES;
				CLANG_WARN_BOOL_CONVERSION = YES;
				CLANG_WARN_COMMA = YES;
				CLANG_WARN_CONSTANT_CONVERSION = YES;
				CLANG_WARN_DEPRECATED_OBJC_IMPLEMENTATIONS = YES;
				CLANG_WARN_DIRECT_OBJC_ISA_USAGE = YES_ERROR;
				CLANG_WARN_DOCUMENTATION_COMMENTS = YES;
				CLANG_WARN_EMPTY_BODY = YES;
				CLANG_WARN_ENUM_CONVERSION = YES;
				CLANG_WARN_INFINITE_RECURSION = YES;
				CLANG_WARN_INT_CONVERSION = YES;
				CLANG_WARN_NON_LITERAL_NULL_CONVERSION = YES;
				CLANG_WARN_OBJC_IMPLICIT_RETAIN_SELF = YES;
				CLANG_WARN_OBJC_LITERAL_CONVERSION = YES;
				CLANG_WARN_OBJC_ROOT_CLASS = YES_ERROR;
				CLANG_WARN_QUOTED_INCLUDE_IN_FRAMEWORK_HEADER = YES;
				CLANG_WARN_RANGE_LOOP_ANALYSIS = YES;
				CLANG_WARN_STRICT_PROTOTYPES = YES;
				CLANG_WARN_SUSPICIOUS_MOVE = YES;
				CLANG_WARN_UNGUARDED_AVAILABILITY = YES_AGGRESSIVE;
				CLANG_WARN_UNREACHABLE_CODE = YES;
				CLANG_WARN__DUPLICATE_METHOD_MATCH = YES;
				COPY_PHASE_STRIP = NO;
				DEBUG_INFORMATION_FORMAT = dwarf;
				ENABLE_STRICT_OBJC_MSGSEND = YES;
				ENABLE_TESTABILITY = YES;
				GCC_C_LANGUAGE_STANDARD = gnu11;
				GCC_DYNAMIC_NO_PIC = NO;
				GCC_NO_COMMON_BLOCKS = YES;
				GCC_OPTIMIZATION_LEVEL = 0;
				GCC_PREPROCESSOR_DEFINITIONS = (
					"DEBUG=1",
					"$(inherited)",
				);
				GCC_WARN_64_TO_32_BIT_CONVERSION = YES;
				GCC_WARN_ABOUT_RETURN_TYPE = YES_ERROR;
				GCC_WARN_UNDECLARED_SELECTOR = YES;
				GCC_WARN_UNINITIALIZED_AUTOS = YES_AGGRESSIVE;
				GCC_WARN_UNUSED_FUNCTION = YES;
				GCC_WARN_UNUSED_VARIABLE = YES;
				MTL_ENABLE_DEBUG_INFO = INCLUDE_SOURCE;
				MTL_FAST_MATH = YES;
				ONLY_ACTIVE_ARCH = YES;
				SWIFT_ACTIVE_COMPILATION_CONDITIONS = DEBUG;
				SWIFT_OPTIMIZATION_LEVEL = "-Onone";
			};
			name = Debug;
		};
		CA1F20E625DAB83800B21B56 /* Release */ = {
			isa = XCBuildConfiguration;
			buildSettings = {
				ALWAYS_SEARCH_USER_PATHS = NO;
				CLANG_ANALYZER_NONNULL = YES;
				CLANG_ANALYZER_NUMBER_OBJECT_CONVERSION = YES_AGGRESSIVE;
				CLANG_CXX_LANGUAGE_STANDARD = "gnu++14";
				CLANG_CXX_LIBRARY = "libc++";
				CLANG_ENABLE_MODULES = YES;
				CLANG_ENABLE_OBJC_ARC = YES;
				CLANG_ENABLE_OBJC_WEAK = YES;
				CLANG_WARN_BLOCK_CAPTURE_AUTORELEASING = YES;
				CLANG_WARN_BOOL_CONVERSION = YES;
				CLANG_WARN_COMMA = YES;
				CLANG_WARN_CONSTANT_CONVERSION = YES;
				CLANG_WARN_DEPRECATED_OBJC_IMPLEMENTATIONS = YES;
				CLANG_WARN_DIRECT_OBJC_ISA_USAGE = YES_ERROR;
				CLANG_WARN_DOCUMENTATION_COMMENTS = YES;
				CLANG_WARN_EMPTY_BODY = YES;
				CLANG_WARN_ENUM_CONVERSION = YES;
				CLANG_WARN_INFINITE_RECURSION = YES;
				CLANG_WARN_INT_CONVERSION = YES;
				CLANG_WARN_NON_LITERAL_NULL_CONVERSION = YES;
				CLANG_WARN_OBJC_IMPLICIT_RETAIN_SELF = YES;
				CLANG_WARN_OBJC_LITERAL_CONVERSION = YES;
				CLANG_WARN_OBJC_ROOT_CLASS = YES_ERROR;
				CLANG_WARN_QUOTED_INCLUDE_IN_FRAMEWORK_HEADER = YES;
				CLANG_WARN_RANGE_LOOP_ANALYSIS = YES;
				CLANG_WARN_STRICT_PROTOTYPES = YES;
				CLANG_WARN_SUSPICIOUS_MOVE = YES;
				CLANG_WARN_UNGUARDED_AVAILABILITY = YES_AGGRESSIVE;
				CLANG_WARN_UNREACHABLE_CODE = YES;
				CLANG_WARN__DUPLICATE_METHOD_MATCH = YES;
				COPY_PHASE_STRIP = NO;
				DEBUG_INFORMATION_FORMAT = "dwarf-with-dsym";
				ENABLE_NS_ASSERTIONS = NO;
				ENABLE_STRICT_OBJC_MSGSEND = YES;
				GCC_C_LANGUAGE_STANDARD = gnu11;
				GCC_NO_COMMON_BLOCKS = YES;
				GCC_WARN_64_TO_32_BIT_CONVERSION = YES;
				GCC_WARN_ABOUT_RETURN_TYPE = YES_ERROR;
				GCC_WARN_UNDECLARED_SELECTOR = YES;
				GCC_WARN_UNINITIALIZED_AUTOS = YES_AGGRESSIVE;
				GCC_WARN_UNUSED_FUNCTION = YES;
				GCC_WARN_UNUSED_VARIABLE = YES;
				MTL_ENABLE_DEBUG_INFO = NO;
				MTL_FAST_MATH = YES;
				SWIFT_COMPILATION_MODE = wholemodule;
				SWIFT_OPTIMIZATION_LEVEL = "-O";
			};
			name = Release;
		};
		CA1F20E825DAB83800B21B56 /* Debug */ = {
			isa = XCBuildConfiguration;
			buildSettings = {
				ASSETCATALOG_COMPILER_APPICON_NAME = AppIcon;
				ASSETCATALOG_COMPILER_GLOBAL_ACCENT_COLOR_NAME = AccentColor;
				CODE_SIGN_STYLE = Automatic;
				DEVELOPMENT_TEAM = 62MDXMXZ25;
				ENABLE_PREVIEWS = YES;
				INFOPLIST_FILE = iOS/Info.plist;
				IPHONEOS_DEPLOYMENT_TARGET = 14.0;
				LD_RUNPATH_SEARCH_PATHS = (
					"$(inherited)",
					"@executable_path/Frameworks",
				);
				PRODUCT_BUNDLE_IDENTIFIER = "com.ikki.dev.todo.app.swiftui.ToDoApp-SwiftUI";
				PRODUCT_NAME = ToDoApp_SwiftUI;
				SDKROOT = iphoneos;
				SWIFT_VERSION = 5.0;
				TARGETED_DEVICE_FAMILY = 1;
			};
			name = Debug;
		};
		CA1F20E925DAB83800B21B56 /* Release */ = {
			isa = XCBuildConfiguration;
			buildSettings = {
				ASSETCATALOG_COMPILER_APPICON_NAME = AppIcon;
				ASSETCATALOG_COMPILER_GLOBAL_ACCENT_COLOR_NAME = AccentColor;
				CODE_SIGN_STYLE = Automatic;
				DEVELOPMENT_TEAM = 62MDXMXZ25;
				ENABLE_PREVIEWS = YES;
				INFOPLIST_FILE = iOS/Info.plist;
				IPHONEOS_DEPLOYMENT_TARGET = 14.0;
				LD_RUNPATH_SEARCH_PATHS = (
					"$(inherited)",
					"@executable_path/Frameworks",
				);
				PRODUCT_BUNDLE_IDENTIFIER = "com.ikki.dev.todo.app.swiftui.ToDoApp-SwiftUI";
				PRODUCT_NAME = ToDoApp_SwiftUI;
				SDKROOT = iphoneos;
				SWIFT_VERSION = 5.0;
				TARGETED_DEVICE_FAMILY = 1;
				VALIDATE_PRODUCT = YES;
			};
			name = Release;
		};
		CA1F20EB25DAB83800B21B56 /* Debug */ = {
			isa = XCBuildConfiguration;
			buildSettings = {
				ASSETCATALOG_COMPILER_APPICON_NAME = AppIcon;
				ASSETCATALOG_COMPILER_GLOBAL_ACCENT_COLOR_NAME = AccentColor;
				CODE_SIGN_ENTITLEMENTS = macOS/macOS.entitlements;
				CODE_SIGN_STYLE = Automatic;
				COMBINE_HIDPI_IMAGES = YES;
				DEVELOPMENT_TEAM = 62MDXMXZ25;
				ENABLE_HARDENED_RUNTIME = YES;
				ENABLE_PREVIEWS = YES;
				INFOPLIST_FILE = macOS/Info.plist;
				LD_RUNPATH_SEARCH_PATHS = (
					"$(inherited)",
					"@executable_path/../Frameworks",
				);
				MACOSX_DEPLOYMENT_TARGET = 11.0;
				PRODUCT_BUNDLE_IDENTIFIER = "com.ikki.dev.todo.app.swiftui.ToDoApp-SwiftUI";
				PRODUCT_NAME = ToDoApp_SwiftUI;
				SDKROOT = macosx;
				SWIFT_VERSION = 5.0;
			};
			name = Debug;
		};
		CA1F20EC25DAB83800B21B56 /* Release */ = {
			isa = XCBuildConfiguration;
			buildSettings = {
				ASSETCATALOG_COMPILER_APPICON_NAME = AppIcon;
				ASSETCATALOG_COMPILER_GLOBAL_ACCENT_COLOR_NAME = AccentColor;
				CODE_SIGN_ENTITLEMENTS = macOS/macOS.entitlements;
				CODE_SIGN_STYLE = Automatic;
				COMBINE_HIDPI_IMAGES = YES;
				DEVELOPMENT_TEAM = 62MDXMXZ25;
				ENABLE_HARDENED_RUNTIME = YES;
				ENABLE_PREVIEWS = YES;
				INFOPLIST_FILE = macOS/Info.plist;
				LD_RUNPATH_SEARCH_PATHS = (
					"$(inherited)",
					"@executable_path/../Frameworks",
				);
				MACOSX_DEPLOYMENT_TARGET = 11.0;
				PRODUCT_BUNDLE_IDENTIFIER = "com.ikki.dev.todo.app.swiftui.ToDoApp-SwiftUI";
				PRODUCT_NAME = ToDoApp_SwiftUI;
				SDKROOT = macosx;
				SWIFT_VERSION = 5.0;
			};
			name = Release;
		};
		CA1F20EE25DAB83800B21B56 /* Debug */ = {
			isa = XCBuildConfiguration;
			buildSettings = {
				ALWAYS_EMBED_SWIFT_STANDARD_LIBRARIES = YES;
				CODE_SIGN_STYLE = Automatic;
				DEVELOPMENT_TEAM = 62MDXMXZ25;
				INFOPLIST_FILE = "Tests iOS/Info.plist";
				IPHONEOS_DEPLOYMENT_TARGET = 14.4;
				LD_RUNPATH_SEARCH_PATHS = (
					"$(inherited)",
					"@executable_path/Frameworks",
					"@loader_path/Frameworks",
				);
				PRODUCT_BUNDLE_IDENTIFIER = "com.ikki.dev.todo.app.swiftui.Tests-iOS";
				PRODUCT_NAME = "$(TARGET_NAME)";
				SDKROOT = iphoneos;
				SWIFT_VERSION = 5.0;
				TARGETED_DEVICE_FAMILY = "1,2";
				TEST_TARGET_NAME = "ToDoApp_SwiftUI (iOS)";
			};
			name = Debug;
		};
		CA1F20EF25DAB83800B21B56 /* Release */ = {
			isa = XCBuildConfiguration;
			buildSettings = {
				ALWAYS_EMBED_SWIFT_STANDARD_LIBRARIES = YES;
				CODE_SIGN_STYLE = Automatic;
				DEVELOPMENT_TEAM = 62MDXMXZ25;
				INFOPLIST_FILE = "Tests iOS/Info.plist";
				IPHONEOS_DEPLOYMENT_TARGET = 14.4;
				LD_RUNPATH_SEARCH_PATHS = (
					"$(inherited)",
					"@executable_path/Frameworks",
					"@loader_path/Frameworks",
				);
				PRODUCT_BUNDLE_IDENTIFIER = "com.ikki.dev.todo.app.swiftui.Tests-iOS";
				PRODUCT_NAME = "$(TARGET_NAME)";
				SDKROOT = iphoneos;
				SWIFT_VERSION = 5.0;
				TARGETED_DEVICE_FAMILY = "1,2";
				TEST_TARGET_NAME = "ToDoApp_SwiftUI (iOS)";
				VALIDATE_PRODUCT = YES;
			};
			name = Release;
		};
		CA1F20F125DAB83800B21B56 /* Debug */ = {
			isa = XCBuildConfiguration;
			buildSettings = {
				ALWAYS_EMBED_SWIFT_STANDARD_LIBRARIES = YES;
				CODE_SIGN_STYLE = Automatic;
				COMBINE_HIDPI_IMAGES = YES;
				DEVELOPMENT_TEAM = 62MDXMXZ25;
				INFOPLIST_FILE = "Tests macOS/Info.plist";
				LD_RUNPATH_SEARCH_PATHS = (
					"$(inherited)",
					"@executable_path/../Frameworks",
					"@loader_path/../Frameworks",
				);
				MACOSX_DEPLOYMENT_TARGET = 11.1;
				PRODUCT_BUNDLE_IDENTIFIER = "com.ikki.dev.todo.app.swiftui.Tests-macOS";
				PRODUCT_NAME = "$(TARGET_NAME)";
				SDKROOT = macosx;
				SWIFT_VERSION = 5.0;
				TEST_TARGET_NAME = "ToDoApp_SwiftUI (macOS)";
			};
			name = Debug;
		};
		CA1F20F225DAB83800B21B56 /* Release */ = {
			isa = XCBuildConfiguration;
			buildSettings = {
				ALWAYS_EMBED_SWIFT_STANDARD_LIBRARIES = YES;
				CODE_SIGN_STYLE = Automatic;
				COMBINE_HIDPI_IMAGES = YES;
				DEVELOPMENT_TEAM = 62MDXMXZ25;
				INFOPLIST_FILE = "Tests macOS/Info.plist";
				LD_RUNPATH_SEARCH_PATHS = (
					"$(inherited)",
					"@executable_path/../Frameworks",
					"@loader_path/../Frameworks",
				);
				MACOSX_DEPLOYMENT_TARGET = 11.1;
				PRODUCT_BUNDLE_IDENTIFIER = "com.ikki.dev.todo.app.swiftui.Tests-macOS";
				PRODUCT_NAME = "$(TARGET_NAME)";
				SDKROOT = macosx;
				SWIFT_VERSION = 5.0;
				TEST_TARGET_NAME = "ToDoApp_SwiftUI (macOS)";
			};
			name = Release;
		};
/* End XCBuildConfiguration section */

/* Begin XCConfigurationList section */
		CA1F20AD25DAB83600B21B56 /* Build configuration list for PBXProject "ToDoApp_SwiftUI" */ = {
			isa = XCConfigurationList;
			buildConfigurations = (
				CA1F20E525DAB83800B21B56 /* Debug */,
				CA1F20E625DAB83800B21B56 /* Release */,
			);
			defaultConfigurationIsVisible = 0;
			defaultConfigurationName = Release;
		};
		CA1F20E725DAB83800B21B56 /* Build configuration list for PBXNativeTarget "ToDoApp_SwiftUI (iOS)" */ = {
			isa = XCConfigurationList;
			buildConfigurations = (
				CA1F20E825DAB83800B21B56 /* Debug */,
				CA1F20E925DAB83800B21B56 /* Release */,
			);
			defaultConfigurationIsVisible = 0;
			defaultConfigurationName = Release;
		};
		CA1F20EA25DAB83800B21B56 /* Build configuration list for PBXNativeTarget "ToDoApp_SwiftUI (macOS)" */ = {
			isa = XCConfigurationList;
			buildConfigurations = (
				CA1F20EB25DAB83800B21B56 /* Debug */,
				CA1F20EC25DAB83800B21B56 /* Release */,
			);
			defaultConfigurationIsVisible = 0;
			defaultConfigurationName = Release;
		};
		CA1F20ED25DAB83800B21B56 /* Build configuration list for PBXNativeTarget "Tests iOS" */ = {
			isa = XCConfigurationList;
			buildConfigurations = (
				CA1F20EE25DAB83800B21B56 /* Debug */,
				CA1F20EF25DAB83800B21B56 /* Release */,
			);
			defaultConfigurationIsVisible = 0;
			defaultConfigurationName = Release;
		};
		CA1F20F025DAB83800B21B56 /* Build configuration list for PBXNativeTarget "Tests macOS" */ = {
			isa = XCConfigurationList;
			buildConfigurations = (
				CA1F20F125DAB83800B21B56 /* Debug */,
				CA1F20F225DAB83800B21B56 /* Release */,
			);
			defaultConfigurationIsVisible = 0;
			defaultConfigurationName = Release;
		};
/* End XCConfigurationList section */

/* Begin XCVersionGroup section */
		CA1F20AF25DAB83700B21B56 /* ToDoApp_SwiftUI.xcdatamodeld */ = {
			isa = XCVersionGroup;
			children = (
				CA1F20B025DAB83700B21B56 /* Shared.xcdatamodel */,
			);
			currentVersion = CA1F20B025DAB83700B21B56 /* Shared.xcdatamodel */;
			path = ToDoApp_SwiftUI.xcdatamodeld;
			sourceTree = "<group>";
			versionGroupType = wrapper.xcdatamodel;
		};
/* End XCVersionGroup section */
	};
	rootObject = CA1F20AA25DAB83600B21B56 /* Project object */;
}
